
Microsoft Visual Studio Solution File, Format Version 12.00
# Visual Studio 14
VisualStudioVersion = 14.0.25420.1
MinimumVisualStudioVersion = 10.0.40219.1
Project("{FAE04EC0-301F-11D3-BF4B-00C04F79EFBC}") = "NDeepSubrogate.Core", "NDeepSubrogate.Core\NDeepSubrogate.Core.csproj", "{14604B7F-1BC3-4245-BBE8-E298E057356C}"
EndProject
Project("{FAE04EC0-301F-11D3-BF4B-00C04F79EFBC}") = "NDeepSubrogate.Spring.Tests", "NDeepSubrogate.Spring.Tests\NDeepSubrogate.Spring.Tests.csproj", "{CF691FDD-4B34-4D2C-9791-093601145E28}"
EndProject
Project("{FAE04EC0-301F-11D3-BF4B-00C04F79EFBC}") = "NDeepSubrogate.Core.Tests", "NDeepSubrogate.Core.Tests\NDeepSubrogate.Core.Tests.csproj", "{27BAC56F-9756-4B11-990D-94A177336501}"
EndProject
Project("{FAE04EC0-301F-11D3-BF4B-00C04F79EFBC}") = "NDeepSubrogate.Spring", "NDeepSubrogate.Spring\NDeepSubrogate.Spring.csproj", "{1F48F27D-C502-43BE-885E-EFF0863BE086}"
EndProject
Global
	GlobalSection(SolutionConfigurationPlatforms) = preSolution
		Debug|Any CPU = Debug|Any CPU
		Release|Any CPU = Release|Any CPU
	EndGlobalSection
	GlobalSection(ProjectConfigurationPlatforms) = postSolution
		{14604B7F-1BC3-4245-BBE8-E298E057356C}.Debug|Any CPU.ActiveCfg = Debug|Any CPU
		{14604B7F-1BC3-4245-BBE8-E298E057356C}.Debug|Any CPU.Build.0 = Debug|Any CPU
		{14604B7F-1BC3-4245-BBE8-E298E057356C}.Release|Any CPU.ActiveCfg = Release|Any CPU
		{14604B7F-1BC3-4245-BBE8-E298E057356C}.Release|Any CPU.Build.0 = Release|Any CPU
		{CF691FDD-4B34-4D2C-9791-093601145E28}.Debug|Any CPU.ActiveCfg = Debug|Any CPU
		{CF691FDD-4B34-4D2C-9791-093601145E28}.Debug|Any CPU.Build.0 = Debug|Any CPU
		{CF691FDD-4B34-4D2C-9791-093601145E28}.Release|Any CPU.ActiveCfg = Release|Any CPU
		{CF691FDD-4B34-4D2C-9791-093601145E28}.Release|Any CPU.Build.0 = Release|Any CPU
		{27BAC56F-9756-4B11-990D-94A177336501}.Debug|Any CPU.ActiveCfg = Debug|Any CPU
		{27BAC56F-9756-4B11-990D-94A177336501}.Debug|Any CPU.Build.0 = Debug|Any CPU
		{27BAC56F-9756-4B11-990D-94A177336501}.Release|Any CPU.ActiveCfg = Release|Any CPU
		{27BAC56F-9756-4B11-990D-94A177336501}.Release|Any CPU.Build.0 = Release|Any CPU
		{1F48F27D-C502-43BE-885E-EFF0863BE086}.Debug|Any CPU.ActiveCfg = Debug|Any CPU
		{1F48F27D-C502-43BE-885E-EFF0863BE086}.Debug|Any CPU.Build.0 = Debug|Any CPU
		{1F48F27D-C502-43BE-885E-EFF0863BE086}.Release|Any CPU.ActiveCfg = Release|Any CPU
		{1F48F27D-C502-43BE-885E-EFF0863BE086}.Release|Any CPU.Build.0 = Release|Any CPU
	EndGlobalSection
	GlobalSection(SolutionProperties) = preSolution
		HideSolutionNode = FALSE
	EndGlobalSection
EndGlobal
